
Microsoft Visual Studio Solution File, Format Version 12.00
# Visual Studio Version 16
VisualStudioVersion = 16.0.32428.249
MinimumVisualStudioVersion = 10.0.40219.1
Project("{9A19103F-16F7-4668-BE54-9A1E7A4F7556}") = "Entities", "Entities\Entities.csproj", "{BB9E3DCB-E9FA-446B-A010-F62B372C5191}"
EndProject
Project("{9A19103F-16F7-4668-BE54-9A1E7A4F7556}") = "ConsoleUI", "ConsoleUI\ConsoleUI.csproj", "{B1ED7BAA-E71C-48F4-8629-F3F3FD48580C}"
EndProject
Project("{9A19103F-16F7-4668-BE54-9A1E7A4F7556}") = "Business", "Business\Business.csproj", "{842DB55D-8EFF-42DD-90E6-B6403001B18B}"
EndProject
Project("{9A19103F-16F7-4668-BE54-9A1E7A4F7556}") = "Core", "Core\Core.csproj", "{084B7A31-379A-4D43-84B4-F816E737871F}"
EndProject
Project("{9A19103F-16F7-4668-BE54-9A1E7A4F7556}") = "DataAccess", "DataAccess\DataAccess.csproj", "{AB3F19ED-FBFC-4CB0-A1C7-3A576F1CD427}"
EndProject
Project("{FAE04EC0-301F-11D3-BF4B-00C04F79EFBC}") = "WebAPI", "WebAPI\WebAPI.csproj", "{546EEF4A-0A23-4919-907A-92C8340BD9D2}"
EndProject
Global
	GlobalSection(SolutionConfigurationPlatforms) = preSolution
		Debug|Any CPU = Debug|Any CPU
		Release|Any CPU = Release|Any CPU
	EndGlobalSection
	GlobalSection(ProjectConfigurationPlatforms) = postSolution
		{BB9E3DCB-E9FA-446B-A010-F62B372C5191}.Debug|Any CPU.ActiveCfg = Debug|Any CPU
		{BB9E3DCB-E9FA-446B-A010-F62B372C5191}.Debug|Any CPU.Build.0 = Debug|Any CPU
		{BB9E3DCB-E9FA-446B-A010-F62B372C5191}.Release|Any CPU.ActiveCfg = Release|Any CPU
		{BB9E3DCB-E9FA-446B-A010-F62B372C5191}.Release|Any CPU.Build.0 = Release|Any CPU
		{B1ED7BAA-E71C-48F4-8629-F3F3FD48580C}.Debug|Any CPU.ActiveCfg = Debug|Any CPU
		{B1ED7BAA-E71C-48F4-8629-F3F3FD48580C}.Debug|Any CPU.Build.0 = Debug|Any CPU
		{B1ED7BAA-E71C-48F4-8629-F3F3FD48580C}.Release|Any CPU.ActiveCfg = Release|Any CPU
		{B1ED7BAA-E71C-48F4-8629-F3F3FD48580C}.Release|Any CPU.Build.0 = Release|Any CPU
		{842DB55D-8EFF-42DD-90E6-B6403001B18B}.Debug|Any CPU.ActiveCfg = Debug|Any CPU
		{842DB55D-8EFF-42DD-90E6-B6403001B18B}.Debug|Any CPU.Build.0 = Debug|Any CPU
		{842DB55D-8EFF-42DD-90E6-B6403001B18B}.Release|Any CPU.ActiveCfg = Release|Any CPU
		{842DB55D-8EFF-42DD-90E6-B6403001B18B}.Release|Any CPU.Build.0 = Release|Any CPU
		{084B7A31-379A-4D43-84B4-F816E737871F}.Debug|Any CPU.ActiveCfg = Debug|Any CPU
		{084B7A31-379A-4D43-84B4-F816E737871F}.Debug|Any CPU.Build.0 = Debug|Any CPU
		{084B7A31-379A-4D43-84B4-F816E737871F}.Release|Any CPU.ActiveCfg = Release|Any CPU
		{084B7A31-379A-4D43-84B4-F816E737871F}.Release|Any CPU.Build.0 = Release|Any CPU
		{AB3F19ED-FBFC-4CB0-A1C7-3A576F1CD427}.Debug|Any CPU.ActiveCfg = Debug|Any CPU
		{AB3F19ED-FBFC-4CB0-A1C7-3A576F1CD427}.Debug|Any CPU.Build.0 = Debug|Any CPU
		{AB3F19ED-FBFC-4CB0-A1C7-3A576F1CD427}.Release|Any CPU.ActiveCfg = Release|Any CPU
		{AB3F19ED-FBFC-4CB0-A1C7-3A576F1CD427}.Release|Any CPU.Build.0 = Release|Any CPU
		{546EEF4A-0A23-4919-907A-92C8340BD9D2}.Debug|Any CPU.ActiveCfg = Debug|Any CPU
		{546EEF4A-0A23-4919-907A-92C8340BD9D2}.Debug|Any CPU.Build.0 = Debug|Any CPU
		{546EEF4A-0A23-4919-907A-92C8340BD9D2}.Release|Any CPU.ActiveCfg = Release|Any CPU
		{546EEF4A-0A23-4919-907A-92C8340BD9D2}.Release|Any CPU.Build.0 = Release|Any CPU
	EndGlobalSection
	GlobalSection(SolutionProperties) = preSolution
		HideSolutionNode = FALSE
	EndGlobalSection
	GlobalSection(ExtensibilityGlobals) = postSolution
		SolutionGuid = {3784983F-833C-41A2-8440-14B1CCDFE680}
	EndGlobalSection
EndGlobal
